# This file is autogenerated, do not edit; changes may be undone by the next 'dep ensure'.


[[projects]]
  name = "github.com/Workiva/go-datastructures"
  packages = ["list"]
  revision = "01f52d4880ca171ab1033bb0ee03cda8e0a31cc3"
  version = "v1.0.46"

[solve-meta]
  analyzer-name = "dep"
  analyzer-version = 1
  inputs-digest = "463b6c82cd61a2039f0c364ad686c2d86fd64e3f502d07124b194e2349c97078"
  solver-name = "gps-cdcl"
  solver-version = 1
